
Microsoft Visual Studio Solution File, Format Version 12.00
# Visual Studio 14
VisualStudioVersion = 14.0.25420.1
MinimumVisualStudioVersion = 10.0.40219.1
Project("{8BC9CEB8-8B4A-11D0-8D11-00A0C91BC942}") = "demo_create", "demo_create\demo_create.vcxproj", "{2A06BF5A-E7E4-4625-B613-94984BC67E3D}"
EndProject
Project("{8BC9CEB8-8B4A-11D0-8D11-00A0C91BC942}") = "main", "main\main.vcxproj", "{4211D648-7340-4722-88ED-A4D9EFD75F10}"
EndProject
Project("{8BC9CEB8-8B4A-11D0-8D11-00A0C91BC942}") = "lib_pipe", "lib_pipe\lib_pipe.vcxproj", "{0DB9C0EB-1E26-42E1-B1DA-E4D479DEEA57}"
EndProject
Global
	GlobalSection(SolutionConfigurationPlatforms) = preSolution
		Debug|x64 = Debug|x64
		Debug|x86 = Debug|x86
		Release|x64 = Release|x64
		Release|x86 = Release|x86
	EndGlobalSection
	GlobalSection(ProjectConfigurationPlatforms) = postSolution
		{2A06BF5A-E7E4-4625-B613-94984BC67E3D}.Debug|x64.ActiveCfg = Debug|x64
		{2A06BF5A-E7E4-4625-B613-94984BC67E3D}.Debug|x64.Build.0 = Debug|x64
		{2A06BF5A-E7E4-4625-B613-94984BC67E3D}.Debug|x86.ActiveCfg = Debug|Win32
		{2A06BF5A-E7E4-4625-B613-94984BC67E3D}.Debug|x86.Build.0 = Debug|Win32
		{2A06BF5A-E7E4-4625-B613-94984BC67E3D}.Release|x64.ActiveCfg = Release|x64
		{2A06BF5A-E7E4-4625-B613-94984BC67E3D}.Release|x64.Build.0 = Release|x64
		{2A06BF5A-E7E4-4625-B613-94984BC67E3D}.Release|x86.ActiveCfg = Release|Win32
		{2A06BF5A-E7E4-4625-B613-94984BC67E3D}.Release|x86.Build.0 = Release|Win32
		{4211D648-7340-4722-88ED-A4D9EFD75F10}.Debug|x64.ActiveCfg = Debug|x64
		{4211D648-7340-4722-88ED-A4D9EFD75F10}.Debug|x64.Build.0 = Debug|x64
		{4211D648-7340-4722-88ED-A4D9EFD75F10}.Debug|x86.ActiveCfg = Debug|Win32
		{4211D648-7340-4722-88ED-A4D9EFD75F10}.Debug|x86.Build.0 = Debug|Win32
		{4211D648-7340-4722-88ED-A4D9EFD75F10}.Release|x64.ActiveCfg = Release|x64
		{4211D648-7340-4722-88ED-A4D9EFD75F10}.Release|x64.Build.0 = Release|x64
		{4211D648-7340-4722-88ED-A4D9EFD75F10}.Release|x86.ActiveCfg = Release|Win32
		{4211D648-7340-4722-88ED-A4D9EFD75F10}.Release|x86.Build.0 = Release|Win32
		{0DB9C0EB-1E26-42E1-B1DA-E4D479DEEA57}.Debug|x64.ActiveCfg = Debug|x64
		{0DB9C0EB-1E26-42E1-B1DA-E4D479DEEA57}.Debug|x64.Build.0 = Debug|x64
		{0DB9C0EB-1E26-42E1-B1DA-E4D479DEEA57}.Debug|x86.ActiveCfg = Debug|Win32
		{0DB9C0EB-1E26-42E1-B1DA-E4D479DEEA57}.Debug|x86.Build.0 = Debug|Win32
		{0DB9C0EB-1E26-42E1-B1DA-E4D479DEEA57}.Release|x64.ActiveCfg = Release|x64
		{0DB9C0EB-1E26-42E1-B1DA-E4D479DEEA57}.Release|x64.Build.0 = Release|x64
		{0DB9C0EB-1E26-42E1-B1DA-E4D479DEEA57}.Release|x86.ActiveCfg = Release|Win32
		{0DB9C0EB-1E26-42E1-B1DA-E4D479DEEA57}.Release|x86.Build.0 = Release|Win32
	EndGlobalSection
	GlobalSection(SolutionProperties) = preSolution
		HideSolutionNode = FALSE
	EndGlobalSection
EndGlobal
